
Microsoft Visual Studio Solution File, Format Version 12.00
# Visual Studio Version 16
VisualStudioVersion = 16.0.28803.452
MinimumVisualStudioVersion = 10.0.40219.1
Project("{FAE04EC0-301F-11D3-BF4B-00C04F79EFBC}") = "GoogleChromeDemo", "GoogleChromeDemo\GoogleChromeDemo.csproj", "{0774F5D9-6F53-457E-86DD-0ADABC17FAA5}"
EndProject
Project("{FAE04EC0-301F-11D3-BF4B-00C04F79EFBC}") = "GoogleTestWeb", "GoogleTestWeb\GoogleTestWeb.csproj", "{F167BE80-17D7-481E-B678-2B32249CEB39}"
EndProject
Global
	GlobalSection(SolutionConfigurationPlatforms) = preSolution
		Debug|Any CPU = Debug|Any CPU
		Debug|x64 = Debug|x64
		Debug|x86 = Debug|x86
		Release|Any CPU = Release|Any CPU
		Release|x64 = Release|x64
		Release|x86 = Release|x86
	EndGlobalSection
	GlobalSection(ProjectConfigurationPlatforms) = postSolution
		{0774F5D9-6F53-457E-86DD-0ADABC17FAA5}.Debug|Any CPU.ActiveCfg = Debug|Any CPU
		{0774F5D9-6F53-457E-86DD-0ADABC17FAA5}.Debug|Any CPU.Build.0 = Debug|Any CPU
		{0774F5D9-6F53-457E-86DD-0ADABC17FAA5}.Debug|x64.ActiveCfg = Debug|Any CPU
		{0774F5D9-6F53-457E-86DD-0ADABC17FAA5}.Debug|x64.Build.0 = Debug|Any CPU
		{0774F5D9-6F53-457E-86DD-0ADABC17FAA5}.Debug|x86.ActiveCfg = Debug|x86
		{0774F5D9-6F53-457E-86DD-0ADABC17FAA5}.Debug|x86.Build.0 = Debug|x86
		{0774F5D9-6F53-457E-86DD-0ADABC17FAA5}.Release|Any CPU.ActiveCfg = Release|Any CPU
		{0774F5D9-6F53-457E-86DD-0ADABC17FAA5}.Release|Any CPU.Build.0 = Release|Any CPU
		{0774F5D9-6F53-457E-86DD-0ADABC17FAA5}.Release|x64.ActiveCfg = Release|Any CPU
		{0774F5D9-6F53-457E-86DD-0ADABC17FAA5}.Release|x64.Build.0 = Release|Any CPU
		{0774F5D9-6F53-457E-86DD-0ADABC17FAA5}.Release|x86.ActiveCfg = Release|x86
		{0774F5D9-6F53-457E-86DD-0ADABC17FAA5}.Release|x86.Build.0 = Release|x86
		{F167BE80-17D7-481E-B678-2B32249CEB39}.Debug|Any CPU.ActiveCfg = Debug|Any CPU
		{F167BE80-17D7-481E-B678-2B32249CEB39}.Debug|Any CPU.Build.0 = Debug|Any CPU
		{F167BE80-17D7-481E-B678-2B32249CEB39}.Debug|x64.ActiveCfg = Debug|x64
		{F167BE80-17D7-481E-B678-2B32249CEB39}.Debug|x64.Build.0 = Debug|x64
		{F167BE80-17D7-481E-B678-2B32249CEB39}.Debug|x86.ActiveCfg = Debug|Any CPU
		{F167BE80-17D7-481E-B678-2B32249CEB39}.Debug|x86.Build.0 = Debug|Any CPU
		{F167BE80-17D7-481E-B678-2B32249CEB39}.Release|Any CPU.ActiveCfg = Release|Any CPU
		{F167BE80-17D7-481E-B678-2B32249CEB39}.Release|Any CPU.Build.0 = Release|Any CPU
		{F167BE80-17D7-481E-B678-2B32249CEB39}.Release|x64.ActiveCfg = Release|x64
		{F167BE80-17D7-481E-B678-2B32249CEB39}.Release|x64.Build.0 = Release|x64
		{F167BE80-17D7-481E-B678-2B32249CEB39}.Release|x86.ActiveCfg = Release|Any CPU
		{F167BE80-17D7-481E-B678-2B32249CEB39}.Release|x86.Build.0 = Release|Any CPU
	EndGlobalSection
	GlobalSection(SolutionProperties) = preSolution
		HideSolutionNode = FALSE
	EndGlobalSection
	GlobalSection(ExtensibilityGlobals) = postSolution
		SolutionGuid = {786F1030-526D-49B8-9871-A791B3281F04}
	EndGlobalSection
EndGlobal
